// !$*UTF8*$!
{
	archiveVersion = 1;
	classes = {
	};
	objectVersion = 56;
	objects = {

/* Begin PBXBuildFile section */
		80D05E812BA4B7C800E91B67 /* AppDelegate.swift in Sources */ = {isa = PBXBuildFile; fileRef = 80D05E802BA4B7C800E91B67 /* AppDelegate.swift */; };
		80D05E832BA4B7C800E91B67 /* SceneDelegate.swift in Sources */ = {isa = PBXBuildFile; fileRef = 80D05E822BA4B7C800E91B67 /* SceneDelegate.swift */; };
		80D05E852BA4B7C800E91B67 /* ViewController.swift in Sources */ = {isa = PBXBuildFile; fileRef = 80D05E842BA4B7C800E91B67 /* ViewController.swift */; };
		80D05E8A2BA4B7CE00E91B67 /* Assets.xcassets in Resources */ = {isa = PBXBuildFile; fileRef = 80D05E892BA4B7CE00E91B67 /* Assets.xcassets */; };
		80D05E8D2BA4B7CE00E91B67 /* LaunchScreen.storyboard in Resources */ = {isa = PBXBuildFile; fileRef = 80D05E8B2BA4B7CE00E91B67 /* LaunchScreen.storyboard */; };
		80D05E952BA4BE5900E91B67 /* Coordinator.swift in Sources */ = {isa = PBXBuildFile; fileRef = 80D05E942BA4BE5900E91B67 /* Coordinator.swift */; };
		80D05E982BA4D80B00E91B67 /* AppCoordinator.swift in Sources */ = {isa = PBXBuildFile; fileRef = 80D05E972BA4D80B00E91B67 /* AppCoordinator.swift */; };
		80D05E9C2BA4DA7E00E91B67 /* SceneFactory.swift in Sources */ = {isa = PBXBuildFile; fileRef = 80D05E9B2BA4DA7E00E91B67 /* SceneFactory.swift */; };
		80D05E9F2BA4DB2300E91B67 /* TabBarController.swift in Sources */ = {isa = PBXBuildFile; fileRef = 80D05E9E2BA4DB2300E91B67 /* TabBarController.swift */; };
		80D05EA12BA4DCE600E91B67 /* SearchCoordinator.swift in Sources */ = {isa = PBXBuildFile; fileRef = 80D05EA02BA4DCE600E91B67 /* SearchCoordinator.swift */; };
		80D05EA32BA4DDA300E91B67 /* FavoritesCoordinator.swift in Sources */ = {isa = PBXBuildFile; fileRef = 80D05EA22BA4DDA300E91B67 /* FavoritesCoordinator.swift */; };
		80D05EA52BA4DDEB00E91B67 /* ResponsesCoordinator.swift in Sources */ = {isa = PBXBuildFile; fileRef = 80D05EA42BA4DDEB00E91B67 /* ResponsesCoordinator.swift */; };
		80D05EA72BA4DE1400E91B67 /* MessagesCoordinator.swift in Sources */ = {isa = PBXBuildFile; fileRef = 80D05EA62BA4DE1400E91B67 /* MessagesCoordinator.swift */; };
		80D05EA92BA4DE3500E91B67 /* ProfileCoordinator.swift in Sources */ = {isa = PBXBuildFile; fileRef = 80D05EA82BA4DE3500E91B67 /* ProfileCoordinator.swift */; };
		80D05EAC2BA4E71F00E91B67 /* AppColor.swift in Sources */ = {isa = PBXBuildFile; fileRef = 80D05EAB2BA4E71F00E91B67 /* AppColor.swift */; };
/* End PBXBuildFile section */

/* Begin PBXFileReference section */
		80D05E7D2BA4B7C800E91B67 /* testEffectiveMobile.app */ = {isa = PBXFileReference; explicitFileType = wrapper.application; includeInIndex = 0; path = testEffectiveMobile.app; sourceTree = BUILT_PRODUCTS_DIR; };
		80D05E802BA4B7C800E91B67 /* AppDelegate.swift */ = {isa = PBXFileReference; lastKnownFileType = sourcecode.swift; path = AppDelegate.swift; sourceTree = "<group>"; };
		80D05E822BA4B7C800E91B67 /* SceneDelegate.swift */ = {isa = PBXFileReference; lastKnownFileType = sourcecode.swift; path = SceneDelegate.swift; sourceTree = "<group>"; };
		80D05E842BA4B7C800E91B67 /* ViewController.swift */ = {isa = PBXFileReference; lastKnownFileType = sourcecode.swift; path = ViewController.swift; sourceTree = "<group>"; };
		80D05E892BA4B7CE00E91B67 /* Assets.xcassets */ = {isa = PBXFileReference; lastKnownFileType = folder.assetcatalog; path = Assets.xcassets; sourceTree = "<group>"; };
		80D05E8C2BA4B7CE00E91B67 /* Base */ = {isa = PBXFileReference; lastKnownFileType = file.storyboard; name = Base; path = Base.lproj/LaunchScreen.storyboard; sourceTree = "<group>"; };
		80D05E8E2BA4B7CE00E91B67 /* Info.plist */ = {isa = PBXFileReference; lastKnownFileType = text.plist.xml; path = Info.plist; sourceTree = "<group>"; };
		80D05E942BA4BE5900E91B67 /* Coordinator.swift */ = {isa = PBXFileReference; lastKnownFileType = sourcecode.swift; path = Coordinator.swift; sourceTree = "<group>"; };
		80D05E972BA4D80B00E91B67 /* AppCoordinator.swift */ = {isa = PBXFileReference; lastKnownFileType = sourcecode.swift; path = AppCoordinator.swift; sourceTree = "<group>"; };
		80D05E9B2BA4DA7E00E91B67 /* SceneFactory.swift */ = {isa = PBXFileReference; lastKnownFileType = sourcecode.swift; path = SceneFactory.swift; sourceTree = "<group>"; };
		80D05E9E2BA4DB2300E91B67 /* TabBarController.swift */ = {isa = PBXFileReference; lastKnownFileType = sourcecode.swift; path = TabBarController.swift; sourceTree = "<group>"; };
		80D05EA02BA4DCE600E91B67 /* SearchCoordinator.swift */ = {isa = PBXFileReference; lastKnownFileType = sourcecode.swift; path = SearchCoordinator.swift; sourceTree = "<group>"; };
		80D05EA22BA4DDA300E91B67 /* FavoritesCoordinator.swift */ = {isa = PBXFileReference; lastKnownFileType = sourcecode.swift; path = FavoritesCoordinator.swift; sourceTree = "<group>"; };
		80D05EA42BA4DDEB00E91B67 /* ResponsesCoordinator.swift */ = {isa = PBXFileReference; lastKnownFileType = sourcecode.swift; path = ResponsesCoordinator.swift; sourceTree = "<group>"; };
		80D05EA62BA4DE1400E91B67 /* MessagesCoordinator.swift */ = {isa = PBXFileReference; lastKnownFileType = sourcecode.swift; path = MessagesCoordinator.swift; sourceTree = "<group>"; };
		80D05EA82BA4DE3500E91B67 /* ProfileCoordinator.swift */ = {isa = PBXFileReference; lastKnownFileType = sourcecode.swift; path = ProfileCoordinator.swift; sourceTree = "<group>"; };
		80D05EAB2BA4E71F00E91B67 /* AppColor.swift */ = {isa = PBXFileReference; lastKnownFileType = sourcecode.swift; path = AppColor.swift; sourceTree = "<group>"; };
/* End PBXFileReference section */

/* Begin PBXFrameworksBuildPhase section */
		80D05E7A2BA4B7C800E91B67 /* Frameworks */ = {
			isa = PBXFrameworksBuildPhase;
			buildActionMask = 2147483647;
			files = (
			);
			runOnlyForDeploymentPostprocessing = 0;
		};
/* End PBXFrameworksBuildPhase section */

/* Begin PBXGroup section */
		80D05E742BA4B7C800E91B67 = {
			isa = PBXGroup;
			children = (
				80D05E7F2BA4B7C800E91B67 /* testEffectiveMobile */,
				80D05E7E2BA4B7C800E91B67 /* Products */,
			);
			sourceTree = "<group>";
		};
		80D05E7E2BA4B7C800E91B67 /* Products */ = {
			isa = PBXGroup;
			children = (
				80D05E7D2BA4B7C800E91B67 /* testEffectiveMobile.app */,
			);
			name = Products;
			sourceTree = "<group>";
		};
		80D05E7F2BA4B7C800E91B67 /* testEffectiveMobile */ = {
			isa = PBXGroup;
			children = (
				80D05EAA2BA4E6EF00E91B67 /* Resources */,
				80D05E9D2BA4DAEE00E91B67 /* Controllers */,
				80D05E992BA4DA4000E91B67 /* UILayer */,
				80D05E802BA4B7C800E91B67 /* AppDelegate.swift */,
				80D05E822BA4B7C800E91B67 /* SceneDelegate.swift */,
				80D05E842BA4B7C800E91B67 /* ViewController.swift */,
				80D05E962BA4D7C000E91B67 /* Coordinators */,
				80D05E892BA4B7CE00E91B67 /* Assets.xcassets */,
				80D05E8B2BA4B7CE00E91B67 /* LaunchScreen.storyboard */,
				80D05E8E2BA4B7CE00E91B67 /* Info.plist */,
			);
			path = testEffectiveMobile;
			sourceTree = "<group>";
		};
		80D05E962BA4D7C000E91B67 /* Coordinators */ = {
			isa = PBXGroup;
			children = (
				80D05E942BA4BE5900E91B67 /* Coordinator.swift */,
				80D05E972BA4D80B00E91B67 /* AppCoordinator.swift */,
				80D05EA02BA4DCE600E91B67 /* SearchCoordinator.swift */,
				80D05EA22BA4DDA300E91B67 /* FavoritesCoordinator.swift */,
				80D05EA42BA4DDEB00E91B67 /* ResponsesCoordinator.swift */,
				80D05EA62BA4DE1400E91B67 /* MessagesCoordinator.swift */,
				80D05EA82BA4DE3500E91B67 /* ProfileCoordinator.swift */,
			);
			path = Coordinators;
			sourceTree = "<group>";
		};
		80D05E992BA4DA4000E91B67 /* UILayer */ = {
			isa = PBXGroup;
			children = (
				80D05E9A2BA4DA4A00E91B67 /* SceneFactory */,
			);
			path = UILayer;
			sourceTree = "<group>";
		};
		80D05E9A2BA4DA4A00E91B67 /* SceneFactory */ = {
			isa = PBXGroup;
			children = (
				80D05E9B2BA4DA7E00E91B67 /* SceneFactory.swift */,
			);
			path = SceneFactory;
			sourceTree = "<group>";
		};
		80D05E9D2BA4DAEE00E91B67 /* Controllers */ = {
			isa = PBXGroup;
			children = (
				80D05E9E2BA4DB2300E91B67 /* TabBarController.swift */,
			);
			path = Controllers;
			sourceTree = "<group>";
		};
		80D05EAA2BA4E6EF00E91B67 /* Resources */ = {
			isa = PBXGroup;
			children = (
				80D05EAB2BA4E71F00E91B67 /* AppColor.swift */,
			);
			path = Resources;
			sourceTree = "<group>";
		};
/* End PBXGroup section */

/* Begin PBXNativeTarget section */
		80D05E7C2BA4B7C800E91B67 /* testEffectiveMobile */ = {
			isa = PBXNativeTarget;
			buildConfigurationList = 80D05E912BA4B7CF00E91B67 /* Build configuration list for PBXNativeTarget "testEffectiveMobile" */;
			buildPhases = (
				80D05E792BA4B7C800E91B67 /* Sources */,
				80D05E7A2BA4B7C800E91B67 /* Frameworks */,
				80D05E7B2BA4B7C800E91B67 /* Resources */,
			);
			buildRules = (
			);
			dependencies = (
			);
			name = testEffectiveMobile;
			productName = testEffectiveMobile;
			productReference = 80D05E7D2BA4B7C800E91B67 /* testEffectiveMobile.app */;
			productType = "com.apple.product-type.application";
		};
/* End PBXNativeTarget section */

/* Begin PBXProject section */
		80D05E752BA4B7C800E91B67 /* Project object */ = {
			isa = PBXProject;
			attributes = {
				BuildIndependentTargetsInParallel = 1;
				LastSwiftUpdateCheck = 1500;
				LastUpgradeCheck = 1500;
				TargetAttributes = {
					80D05E7C2BA4B7C800E91B67 = {
						CreatedOnToolsVersion = 15.0.1;
					};
				};
			};
			buildConfigurationList = 80D05E782BA4B7C800E91B67 /* Build configuration list for PBXProject "testEffectiveMobile" */;
			compatibilityVersion = "Xcode 14.0";
			developmentRegion = en;
			hasScannedForEncodings = 0;
			knownRegions = (
				en,
				Base,
			);
			mainGroup = 80D05E742BA4B7C800E91B67;
			productRefGroup = 80D05E7E2BA4B7C800E91B67 /* Products */;
			projectDirPath = "";
			projectRoot = "";
			targets = (
				80D05E7C2BA4B7C800E91B67 /* testEffectiveMobile */,
			);
		};
/* End PBXProject section */

/* Begin PBXResourcesBuildPhase section */
		80D05E7B2BA4B7C800E91B67 /* Resources */ = {
			isa = PBXResourcesBuildPhase;
			buildActionMask = 2147483647;
			files = (
				80D05E8D2BA4B7CE00E91B67 /* LaunchScreen.storyboard in Resources */,
				80D05E8A2BA4B7CE00E91B67 /* Assets.xcassets in Resources */,
			);
			runOnlyForDeploymentPostprocessing = 0;
		};
/* End PBXResourcesBuildPhase section */

/* Begin PBXSourcesBuildPhase section */
		80D05E792BA4B7C800E91B67 /* Sources */ = {
			isa = PBXSourcesBuildPhase;
			buildActionMask = 2147483647;
			files = (
				80D05E952BA4BE5900E91B67 /* Coordinator.swift in Sources */,
				80D05EA52BA4DDEB00E91B67 /* ResponsesCoordinator.swift in Sources */,
				80D05E9C2BA4DA7E00E91B67 /* SceneFactory.swift in Sources */,
				80D05E852BA4B7C800E91B67 /* ViewController.swift in Sources */,
				80D05EA92BA4DE3500E91B67 /* ProfileCoordinator.swift in Sources */,
				80D05EAC2BA4E71F00E91B67 /* AppColor.swift in Sources */,
				80D05E982BA4D80B00E91B67 /* AppCoordinator.swift in Sources */,
				80D05EA12BA4DCE600E91B67 /* SearchCoordinator.swift in Sources */,
				80D05E9F2BA4DB2300E91B67 /* TabBarController.swift in Sources */,
				80D05E812BA4B7C800E91B67 /* AppDelegate.swift in Sources */,
				80D05EA32BA4DDA300E91B67 /* FavoritesCoordinator.swift in Sources */,
				80D05EA72BA4DE1400E91B67 /* MessagesCoordinator.swift in Sources */,
				80D05E832BA4B7C800E91B67 /* SceneDelegate.swift in Sources */,
			);
			runOnlyForDeploymentPostprocessing = 0;
		};
/* End PBXSourcesBuildPhase section */

/* Begin PBXVariantGroup section */
		80D05E8B2BA4B7CE00E91B67 /* LaunchScreen.storyboard */ = {
			isa = PBXVariantGroup;
			children = (
				80D05E8C2BA4B7CE00E91B67 /* Base */,
			);
			name = LaunchScreen.storyboard;
			sourceTree = "<group>";
		};
/* End PBXVariantGroup section */

/* Begin XCBuildConfiguration section */
		80D05E8F2BA4B7CE00E91B67 /* Debug */ = {
			isa = XCBuildConfiguration;
			buildSettings = {
				ALWAYS_SEARCH_USER_PATHS = NO;
				ASSETCATALOG_COMPILER_GENERATE_SWIFT_ASSET_SYMBOL_EXTENSIONS = YES;
				CLANG_ANALYZER_NONNULL = YES;
				CLANG_ANALYZER_NUMBER_OBJECT_CONVERSION = YES_AGGRESSIVE;
				CLANG_CXX_LANGUAGE_STANDARD = "gnu++20";
				CLANG_ENABLE_MODULES = YES;
				CLANG_ENABLE_OBJC_ARC = YES;
				CLANG_ENABLE_OBJC_WEAK = YES;
				CLANG_WARN_BLOCK_CAPTURE_AUTORELEASING = YES;
				CLANG_WARN_BOOL_CONVERSION = YES;
				CLANG_WARN_COMMA = YES;
				CLANG_WARN_CONSTANT_CONVERSION = YES;
				CLANG_WARN_DEPRECATED_OBJC_IMPLEMENTATIONS = YES;
				CLANG_WARN_DIRECT_OBJC_ISA_USAGE = YES_ERROR;
				CLANG_WARN_DOCUMENTATION_COMMENTS = YES;
				CLANG_WARN_EMPTY_BODY = YES;
				CLANG_WARN_ENUM_CONVERSION = YES;
				CLANG_WARN_INFINITE_RECURSION = YES;
				CLANG_WARN_INT_CONVERSION = YES;
				CLANG_WARN_NON_LITERAL_NULL_CONVERSION = YES;
				CLANG_WARN_OBJC_IMPLICIT_RETAIN_SELF = YES;
				CLANG_WARN_OBJC_LITERAL_CONVERSION = YES;
				CLANG_WARN_OBJC_ROOT_CLASS = YES_ERROR;
				CLANG_WARN_QUOTED_INCLUDE_IN_FRAMEWORK_HEADER = YES;
				CLANG_WARN_RANGE_LOOP_ANALYSIS = YES;
				CLANG_WARN_STRICT_PROTOTYPES = YES;
				CLANG_WARN_SUSPICIOUS_MOVE = YES;
				CLANG_WARN_UNGUARDED_AVAILABILITY = YES_AGGRESSIVE;
				CLANG_WARN_UNREACHABLE_CODE = YES;
				CLANG_WARN__DUPLICATE_METHOD_MATCH = YES;
				COPY_PHASE_STRIP = NO;
				DEBUG_INFORMATION_FORMAT = dwarf;
				ENABLE_STRICT_OBJC_MSGSEND = YES;
				ENABLE_TESTABILITY = YES;
				ENABLE_USER_SCRIPT_SANDBOXING = YES;
				GCC_C_LANGUAGE_STANDARD = gnu17;
				GCC_DYNAMIC_NO_PIC = NO;
				GCC_NO_COMMON_BLOCKS = YES;
				GCC_OPTIMIZATION_LEVEL = 0;
				GCC_PREPROCESSOR_DEFINITIONS = (
					"DEBUG=1",
					"$(inherited)",
				);
				GCC_WARN_64_TO_32_BIT_CONVERSION = YES;
				GCC_WARN_ABOUT_RETURN_TYPE = YES_ERROR;
				GCC_WARN_UNDECLARED_SELECTOR = YES;
				GCC_WARN_UNINITIALIZED_AUTOS = YES_AGGRESSIVE;
				GCC_WARN_UNUSED_FUNCTION = YES;
				GCC_WARN_UNUSED_VARIABLE = YES;
				IPHONEOS_DEPLOYMENT_TARGET = 17.0;
				LOCALIZATION_PREFERS_STRING_CATALOGS = YES;
				MTL_ENABLE_DEBUG_INFO = INCLUDE_SOURCE;
				MTL_FAST_MATH = YES;
				ONLY_ACTIVE_ARCH = YES;
				SDKROOT = iphoneos;
				SWIFT_ACTIVE_COMPILATION_CONDITIONS = "DEBUG $(inherited)";
				SWIFT_OPTIMIZATION_LEVEL = "-Onone";
			};
			name = Debug;
		};
		80D05E902BA4B7CE00E91B67 /* Release */ = {
			isa = XCBuildConfiguration;
			buildSettings = {
				ALWAYS_SEARCH_USER_PATHS = NO;
				ASSETCATALOG_COMPILER_GENERATE_SWIFT_ASSET_SYMBOL_EXTENSIONS = YES;
				CLANG_ANALYZER_NONNULL = YES;
				CLANG_ANALYZER_NUMBER_OBJECT_CONVERSION = YES_AGGRESSIVE;
				CLANG_CXX_LANGUAGE_STANDARD = "gnu++20";
				CLANG_ENABLE_MODULES = YES;
				CLANG_ENABLE_OBJC_ARC = YES;
				CLANG_ENABLE_OBJC_WEAK = YES;
				CLANG_WARN_BLOCK_CAPTURE_AUTORELEASING = YES;
				CLANG_WARN_BOOL_CONVERSION = YES;
				CLANG_WARN_COMMA = YES;
				CLANG_WARN_CONSTANT_CONVERSION = YES;
				CLANG_WARN_DEPRECATED_OBJC_IMPLEMENTATIONS = YES;
				CLANG_WARN_DIRECT_OBJC_ISA_USAGE = YES_ERROR;
				CLANG_WARN_DOCUMENTATION_COMMENTS = YES;
				CLANG_WARN_EMPTY_BODY = YES;
				CLANG_WARN_ENUM_CONVERSION = YES;
				CLANG_WARN_INFINITE_RECURSION = YES;
				CLANG_WARN_INT_CONVERSION = YES;
				CLANG_WARN_NON_LITERAL_NULL_CONVERSION = YES;
				CLANG_WARN_OBJC_IMPLICIT_RETAIN_SELF = YES;
				CLANG_WARN_OBJC_LITERAL_CONVERSION = YES;
				CLANG_WARN_OBJC_ROOT_CLASS = YES_ERROR;
				CLANG_WARN_QUOTED_INCLUDE_IN_FRAMEWORK_HEADER = YES;
				CLANG_WARN_RANGE_LOOP_ANALYSIS = YES;
				CLANG_WARN_STRICT_PROTOTYPES = YES;
				CLANG_WARN_SUSPICIOUS_MOVE = YES;
				CLANG_WARN_UNGUARDED_AVAILABILITY = YES_AGGRESSIVE;
				CLANG_WARN_UNREACHABLE_CODE = YES;
				CLANG_WARN__DUPLICATE_METHOD_MATCH = YES;
				COPY_PHASE_STRIP = NO;
				DEBUG_INFORMATION_FORMAT = "dwarf-with-dsym";
				ENABLE_NS_ASSERTIONS = NO;
				ENABLE_STRICT_OBJC_MSGSEND = YES;
				ENABLE_USER_SCRIPT_SANDBOXING = YES;
				GCC_C_LANGUAGE_STANDARD = gnu17;
				GCC_NO_COMMON_BLOCKS = YES;
				GCC_WARN_64_TO_32_BIT_CONVERSION = YES;
				GCC_WARN_ABOUT_RETURN_TYPE = YES_ERROR;
				GCC_WARN_UNDECLARED_SELECTOR = YES;
				GCC_WARN_UNINITIALIZED_AUTOS = YES_AGGRESSIVE;
				GCC_WARN_UNUSED_FUNCTION = YES;
				GCC_WARN_UNUSED_VARIABLE = YES;
				IPHONEOS_DEPLOYMENT_TARGET = 17.0;
				LOCALIZATION_PREFERS_STRING_CATALOGS = YES;
				MTL_ENABLE_DEBUG_INFO = NO;
				MTL_FAST_MATH = YES;
				SDKROOT = iphoneos;
				SWIFT_COMPILATION_MODE = wholemodule;
				VALIDATE_PRODUCT = YES;
			};
			name = Release;
		};
		80D05E922BA4B7CF00E91B67 /* Debug */ = {
			isa = XCBuildConfiguration;
			buildSettings = {
				ASSETCATALOG_COMPILER_APPICON_NAME = AppIcon;
				ASSETCATALOG_COMPILER_GLOBAL_ACCENT_COLOR_NAME = AccentColor;
				CODE_SIGN_STYLE = Automatic;
				CURRENT_PROJECT_VERSION = 1;
				DEVELOPMENT_TEAM = U7Z7662R7M;
				GENERATE_INFOPLIST_FILE = YES;
				INFOPLIST_FILE = testEffectiveMobile/Info.plist;
				INFOPLIST_KEY_UIApplicationSupportsIndirectInputEvents = YES;
				INFOPLIST_KEY_UILaunchStoryboardName = LaunchScreen;
				INFOPLIST_KEY_UISupportedInterfaceOrientations_iPad = "UIInterfaceOrientationPortrait UIInterfaceOrientationPortraitUpsideDown UIInterfaceOrientationLandscapeLeft UIInterfaceOrientationLandscapeRight";
				INFOPLIST_KEY_UISupportedInterfaceOrientations_iPhone = "UIInterfaceOrientationPortrait UIInterfaceOrientationLandscapeLeft UIInterfaceOrientationLandscapeRight";
				LD_RUNPATH_SEARCH_PATHS = (
					"$(inherited)",
					"@executable_path/Frameworks",
				);
				MARKETING_VERSION = 1.0;
				PRODUCT_BUNDLE_IDENTIFIER = i.Shark.testEffectiveMobile;
				PRODUCT_NAME = "$(TARGET_NAME)";
				SWIFT_EMIT_LOC_STRINGS = YES;
				SWIFT_VERSION = 5.0;
				TARGETED_DEVICE_FAMILY = "1,2";
			};
			name = Debug;
		};
		80D05E932BA4B7CF00E91B67 /* Release */ = {
			isa = XCBuildConfiguration;
			buildSettings = {
				ASSETCATALOG_COMPILER_APPICON_NAME = AppIcon;
				ASSETCATALOG_COMPILER_GLOBAL_ACCENT_COLOR_NAME = AccentColor;
				CODE_SIGN_STYLE = Automatic;
				CURRENT_PROJECT_VERSION = 1;
				DEVELOPMENT_TEAM = U7Z7662R7M;
				GENERATE_INFOPLIST_FILE = YES;
				INFOPLIST_FILE = testEffectiveMobile/Info.plist;
				INFOPLIST_KEY_UIApplicationSupportsIndirectInputEvents = YES;
				INFOPLIST_KEY_UILaunchStoryboardName = LaunchScreen;
				INFOPLIST_KEY_UISupportedInterfaceOrientations_iPad = "UIInterfaceOrientationPortrait UIInterfaceOrientationPortraitUpsideDown UIInterfaceOrientationLandscapeLeft UIInterfaceOrientationLandscapeRight";
				INFOPLIST_KEY_UISupportedInterfaceOrientations_iPhone = "UIInterfaceOrientationPortrait UIInterfaceOrientationLandscapeLeft UIInterfaceOrientationLandscapeRight";
				LD_RUNPATH_SEARCH_PATHS = (
					"$(inherited)",
					"@executable_path/Frameworks",
				);
				MARKETING_VERSION = 1.0;
				PRODUCT_BUNDLE_IDENTIFIER = i.Shark.testEffectiveMobile;
				PRODUCT_NAME = "$(TARGET_NAME)";
				SWIFT_EMIT_LOC_STRINGS = YES;
				SWIFT_VERSION = 5.0;
				TARGETED_DEVICE_FAMILY = "1,2";
			};
			name = Release;
		};
/* End XCBuildConfiguration section */

/* Begin XCConfigurationList section */
		80D05E782BA4B7C800E91B67 /* Build configuration list for PBXProject "testEffectiveMobile" */ = {
			isa = XCConfigurationList;
			buildConfigurations = (
				80D05E8F2BA4B7CE00E91B67 /* Debug */,
				80D05E902BA4B7CE00E91B67 /* Release */,
			);
			defaultConfigurationIsVisible = 0;
			defaultConfigurationName = Release;
		};
		80D05E912BA4B7CF00E91B67 /* Build configuration list for PBXNativeTarget "testEffectiveMobile" */ = {
			isa = XCConfigurationList;
			buildConfigurations = (
				80D05E922BA4B7CF00E91B67 /* Debug */,
				80D05E932BA4B7CF00E91B67 /* Release */,
			);
			defaultConfigurationIsVisible = 0;
			defaultConfigurationName = Release;
		};
/* End XCConfigurationList section */
	};
	rootObject = 80D05E752BA4B7C800E91B67 /* Project object */;
}
